// !$*UTF8*$!
{
	archiveVersion = 1;
	classes = {
	};
	objectVersion = 50;
	objects = {

/* Begin PBXBuildFile section */
		9061375125EDBF130080E256 /* ICustomDataPickerView.swift in Sources */ = {isa = PBXBuildFile; fileRef = 9061374D25EDBF130080E256 /* ICustomDataPickerView.swift */; };
		9061375225EDBF130080E256 /* IBaseView.swift in Sources */ = {isa = PBXBuildFile; fileRef = 9061374F25EDBF130080E256 /* IBaseView.swift */; };
		9061375325EDBF130080E256 /* IPickerViewMacro.swift in Sources */ = {isa = PBXBuildFile; fileRef = 9061375025EDBF130080E256 /* IPickerViewMacro.swift */; };
		906EDACB25E89B5500C5CFA4 /* AppDelegate.swift in Sources */ = {isa = PBXBuildFile; fileRef = 906EDACA25E89B5500C5CFA4 /* AppDelegate.swift */; };
		906EDACD25E89B5500C5CFA4 /* SceneDelegate.swift in Sources */ = {isa = PBXBuildFile; fileRef = 906EDACC25E89B5500C5CFA4 /* SceneDelegate.swift */; };
		906EDACF25E89B5500C5CFA4 /* ViewController.swift in Sources */ = {isa = PBXBuildFile; fileRef = 906EDACE25E89B5500C5CFA4 /* ViewController.swift */; };
		906EDAD225E89B5600C5CFA4 /* Main.storyboard in Resources */ = {isa = PBXBuildFile; fileRef = 906EDAD025E89B5600C5CFA4 /* Main.storyboard */; };
		906EDAD425E89B5800C5CFA4 /* Assets.xcassets in Resources */ = {isa = PBXBuildFile; fileRef = 906EDAD325E89B5800C5CFA4 /* Assets.xcassets */; };
		906EDAD725E89B5800C5CFA4 /* LaunchScreen.storyboard in Resources */ = {isa = PBXBuildFile; fileRef = 906EDAD525E89B5800C5CFA4 /* LaunchScreen.storyboard */; };
/* End PBXBuildFile section */

/* Begin PBXFileReference section */
		9061374D25EDBF130080E256 /* ICustomDataPickerView.swift */ = {isa = PBXFileReference; fileEncoding = 4; lastKnownFileType = sourcecode.swift; path = ICustomDataPickerView.swift; sourceTree = "<group>"; };
		9061374F25EDBF130080E256 /* IBaseView.swift */ = {isa = PBXFileReference; fileEncoding = 4; lastKnownFileType = sourcecode.swift; path = IBaseView.swift; sourceTree = "<group>"; };
		9061375025EDBF130080E256 /* IPickerViewMacro.swift */ = {isa = PBXFileReference; fileEncoding = 4; lastKnownFileType = sourcecode.swift; path = IPickerViewMacro.swift; sourceTree = "<group>"; };
		906EDAC725E89B5500C5CFA4 /* IPickerView.app */ = {isa = PBXFileReference; explicitFileType = wrapper.application; includeInIndex = 0; path = IPickerView.app; sourceTree = BUILT_PRODUCTS_DIR; };
		906EDACA25E89B5500C5CFA4 /* AppDelegate.swift */ = {isa = PBXFileReference; lastKnownFileType = sourcecode.swift; path = AppDelegate.swift; sourceTree = "<group>"; };
		906EDACC25E89B5500C5CFA4 /* SceneDelegate.swift */ = {isa = PBXFileReference; lastKnownFileType = sourcecode.swift; path = SceneDelegate.swift; sourceTree = "<group>"; };
		906EDACE25E89B5500C5CFA4 /* ViewController.swift */ = {isa = PBXFileReference; lastKnownFileType = sourcecode.swift; path = ViewController.swift; sourceTree = "<group>"; };
		906EDAD125E89B5600C5CFA4 /* Base */ = {isa = PBXFileReference; lastKnownFileType = file.storyboard; name = Base; path = Base.lproj/Main.storyboard; sourceTree = "<group>"; };
		906EDAD325E89B5800C5CFA4 /* Assets.xcassets */ = {isa = PBXFileReference; lastKnownFileType = folder.assetcatalog; path = Assets.xcassets; sourceTree = "<group>"; };
		906EDAD625E89B5800C5CFA4 /* Base */ = {isa = PBXFileReference; lastKnownFileType = file.storyboard; name = Base; path = Base.lproj/LaunchScreen.storyboard; sourceTree = "<group>"; };
		906EDAD825E89B5800C5CFA4 /* Info.plist */ = {isa = PBXFileReference; lastKnownFileType = text.plist.xml; path = Info.plist; sourceTree = "<group>"; };
/* End PBXFileReference section */

/* Begin PBXFrameworksBuildPhase section */
		906EDAC425E89B5500C5CFA4 /* Frameworks */ = {
			isa = PBXFrameworksBuildPhase;
			buildActionMask = 2147483647;
			files = (
			);
			runOnlyForDeploymentPostprocessing = 0;
		};
/* End PBXFrameworksBuildPhase section */

/* Begin PBXGroup section */
		9061374B25EDBF130080E256 /* IPickerView */ = {
			isa = PBXGroup;
			children = (
				9061374C25EDBF130080E256 /* CustomDataPickerView */,
				9061374E25EDBF130080E256 /* Base */,
			);
			path = IPickerView;
			sourceTree = "<group>";
		};
		9061374C25EDBF130080E256 /* CustomDataPickerView */ = {
			isa = PBXGroup;
			children = (
				9061374D25EDBF130080E256 /* ICustomDataPickerView.swift */,
			);
			path = CustomDataPickerView;
			sourceTree = "<group>";
		};
		9061374E25EDBF130080E256 /* Base */ = {
			isa = PBXGroup;
			children = (
				9061374F25EDBF130080E256 /* IBaseView.swift */,
				9061375025EDBF130080E256 /* IPickerViewMacro.swift */,
			);
			path = Base;
			sourceTree = "<group>";
		};
		906EDABE25E89B5500C5CFA4 = {
			isa = PBXGroup;
			children = (
				906EDAC925E89B5500C5CFA4 /* IPickerView */,
				906EDAC825E89B5500C5CFA4 /* Products */,
			);
			sourceTree = "<group>";
		};
		906EDAC825E89B5500C5CFA4 /* Products */ = {
			isa = PBXGroup;
			children = (
				906EDAC725E89B5500C5CFA4 /* IPickerView.app */,
			);
			name = Products;
			sourceTree = "<group>";
		};
		906EDAC925E89B5500C5CFA4 /* IPickerView */ = {
			isa = PBXGroup;
			children = (
				9061374B25EDBF130080E256 /* IPickerView */,
				906EDACA25E89B5500C5CFA4 /* AppDelegate.swift */,
				906EDACC25E89B5500C5CFA4 /* SceneDelegate.swift */,
				906EDACE25E89B5500C5CFA4 /* ViewController.swift */,
				906EDAD025E89B5600C5CFA4 /* Main.storyboard */,
				906EDAD325E89B5800C5CFA4 /* Assets.xcassets */,
				906EDAD525E89B5800C5CFA4 /* LaunchScreen.storyboard */,
				906EDAD825E89B5800C5CFA4 /* Info.plist */,
			);
			path = IPickerView;
			sourceTree = "<group>";
		};
/* End PBXGroup section */

/* Begin PBXNativeTarget section */
		906EDAC625E89B5500C5CFA4 /* IPickerView */ = {
			isa = PBXNativeTarget;
			buildConfigurationList = 906EDADB25E89B5800C5CFA4 /* Build configuration list for PBXNativeTarget "IPickerView" */;
			buildPhases = (
				906EDAC325E89B5500C5CFA4 /* Sources */,
				906EDAC425E89B5500C5CFA4 /* Frameworks */,
				906EDAC525E89B5500C5CFA4 /* Resources */,
			);
			buildRules = (
			);
			dependencies = (
			);
			name = IPickerView;
			productName = IPickerView;
			productReference = 906EDAC725E89B5500C5CFA4 /* IPickerView.app */;
			productType = "com.apple.product-type.application";
		};
/* End PBXNativeTarget section */

/* Begin PBXProject section */
		906EDABF25E89B5500C5CFA4 /* Project object */ = {
			isa = PBXProject;
			attributes = {
				LastSwiftUpdateCheck = 1230;
				LastUpgradeCheck = 1230;
				TargetAttributes = {
					906EDAC625E89B5500C5CFA4 = {
						CreatedOnToolsVersion = 12.3;
					};
				};
			};
			buildConfigurationList = 906EDAC225E89B5500C5CFA4 /* Build configuration list for PBXProject "IPickerView" */;
			compatibilityVersion = "Xcode 9.3";
			developmentRegion = en;
			hasScannedForEncodings = 0;
			knownRegions = (
				en,
				Base,
			);
			mainGroup = 906EDABE25E89B5500C5CFA4;
			productRefGroup = 906EDAC825E89B5500C5CFA4 /* Products */;
			projectDirPath = "";
			projectRoot = "";
			targets = (
				906EDAC625E89B5500C5CFA4 /* IPickerView */,
			);
		};
/* End PBXProject section */

/* Begin PBXResourcesBuildPhase section */
		906EDAC525E89B5500C5CFA4 /* Resources */ = {
			isa = PBXResourcesBuildPhase;
			buildActionMask = 2147483647;
			files = (
				906EDAD725E89B5800C5CFA4 /* LaunchScreen.storyboard in Resources */,
				906EDAD425E89B5800C5CFA4 /* Assets.xcassets in Resources */,
				906EDAD225E89B5600C5CFA4 /* Main.storyboard in Resources */,
			);
			runOnlyForDeploymentPostprocessing = 0;
		};
/* End PBXResourcesBuildPhase section */

/* Begin PBXSourcesBuildPhase section */
		906EDAC325E89B5500C5CFA4 /* Sources */ = {
			isa = PBXSourcesBuildPhase;
			buildActionMask = 2147483647;
			files = (
				906EDACF25E89B5500C5CFA4 /* ViewController.swift in Sources */,
				9061375125EDBF130080E256 /* ICustomDataPickerView.swift in Sources */,
				906EDACB25E89B5500C5CFA4 /* AppDelegate.swift in Sources */,
				9061375325EDBF130080E256 /* IPickerViewMacro.swift in Sources */,
				9061375225EDBF130080E256 /* IBaseView.swift in Sources */,
				906EDACD25E89B5500C5CFA4 /* SceneDelegate.swift in Sources */,
			);
			runOnlyForDeploymentPostprocessing = 0;
		};
/* End PBXSourcesBuildPhase section */

/* Begin PBXVariantGroup section */
		906EDAD025E89B5600C5CFA4 /* Main.storyboard */ = {
			isa = PBXVariantGroup;
			children = (
				906EDAD125E89B5600C5CFA4 /* Base */,
			);
			name = Main.storyboard;
			sourceTree = "<group>";
		};
		906EDAD525E89B5800C5CFA4 /* LaunchScreen.storyboard */ = {
			isa = PBXVariantGroup;
			children = (
				906EDAD625E89B5800C5CFA4 /* Base */,
			);
			name = LaunchScreen.storyboard;
			sourceTree = "<group>";
		};
/* End PBXVariantGroup section */

/* Begin XCBuildConfiguration section */
		906EDAD925E89B5800C5CFA4 /* Debug */ = {
			isa = XCBuildConfiguration;
			buildSettings = {
				ALWAYS_SEARCH_USER_PATHS = NO;
				CLANG_ANALYZER_NONNULL = YES;
				CLANG_ANALYZER_NUMBER_OBJECT_CONVERSION = YES_AGGRESSIVE;
				CLANG_CXX_LANGUAGE_STANDARD = "gnu++14";
				CLANG_CXX_LIBRARY = "libc++";
				CLANG_ENABLE_MODULES = YES;
				CLANG_ENABLE_OBJC_ARC = YES;
				CLANG_ENABLE_OBJC_WEAK = YES;
				CLANG_WARN_BLOCK_CAPTURE_AUTORELEASING = YES;
				CLANG_WARN_BOOL_CONVERSION = YES;
				CLANG_WARN_COMMA = YES;
				CLANG_WARN_CONSTANT_CONVERSION = YES;
				CLANG_WARN_DEPRECATED_OBJC_IMPLEMENTATIONS = YES;
				CLANG_WARN_DIRECT_OBJC_ISA_USAGE = YES_ERROR;
				CLANG_WARN_DOCUMENTATION_COMMENTS = YES;
				CLANG_WARN_EMPTY_BODY = YES;
				CLANG_WARN_ENUM_CONVERSION = YES;
				CLANG_WARN_INFINITE_RECURSION = YES;
				CLANG_WARN_INT_CONVERSION = YES;
				CLANG_WARN_NON_LITERAL_NULL_CONVERSION = YES;
				CLANG_WARN_OBJC_IMPLICIT_RETAIN_SELF = YES;
				CLANG_WARN_OBJC_LITERAL_CONVERSION = YES;
				CLANG_WARN_OBJC_ROOT_CLASS = YES_ERROR;
				CLANG_WARN_QUOTED_INCLUDE_IN_FRAMEWORK_HEADER = YES;
				CLANG_WARN_RANGE_LOOP_ANALYSIS = YES;
				CLANG_WARN_STRICT_PROTOTYPES = YES;
				CLANG_WARN_SUSPICIOUS_MOVE = YES;
				CLANG_WARN_UNGUARDED_AVAILABILITY = YES_AGGRESSIVE;
				CLANG_WARN_UNREACHABLE_CODE = YES;
				CLANG_WARN__DUPLICATE_METHOD_MATCH = YES;
				COPY_PHASE_STRIP = NO;
				DEBUG_INFORMATION_FORMAT = dwarf;
				ENABLE_STRICT_OBJC_MSGSEND = YES;
				ENABLE_TESTABILITY = YES;
				GCC_C_LANGUAGE_STANDARD = gnu11;
				GCC_DYNAMIC_NO_PIC = NO;
				GCC_NO_COMMON_BLOCKS = YES;
				GCC_OPTIMIZATION_LEVEL = 0;
				GCC_PREPROCESSOR_DEFINITIONS = (
					"DEBUG=1",
					"$(inherited)",
				);
				GCC_WARN_64_TO_32_BIT_CONVERSION = YES;
				GCC_WARN_ABOUT_RETURN_TYPE = YES_ERROR;
				GCC_WARN_UNDECLARED_SELECTOR = YES;
				GCC_WARN_UNINITIALIZED_AUTOS = YES_AGGRESSIVE;
				GCC_WARN_UNUSED_FUNCTION = YES;
				GCC_WARN_UNUSED_VARIABLE = YES;
				IPHONEOS_DEPLOYMENT_TARGET = 14.3;
				MTL_ENABLE_DEBUG_INFO = INCLUDE_SOURCE;
				MTL_FAST_MATH = YES;
				ONLY_ACTIVE_ARCH = YES;
				SDKROOT = iphoneos;
				SWIFT_ACTIVE_COMPILATION_CONDITIONS = DEBUG;
				SWIFT_OPTIMIZATION_LEVEL = "-Onone";
			};
			name = Debug;
		};
		906EDADA25E89B5800C5CFA4 /* Release */ = {
			isa = XCBuildConfiguration;
			buildSettings = {
				ALWAYS_SEARCH_USER_PATHS = NO;
				CLANG_ANALYZER_NONNULL = YES;
				CLANG_ANALYZER_NUMBER_OBJECT_CONVERSION = YES_AGGRESSIVE;
				CLANG_CXX_LANGUAGE_STANDARD = "gnu++14";
				CLANG_CXX_LIBRARY = "libc++";
				CLANG_ENABLE_MODULES = YES;
				CLANG_ENABLE_OBJC_ARC = YES;
				CLANG_ENABLE_OBJC_WEAK = YES;
				CLANG_WARN_BLOCK_CAPTURE_AUTORELEASING = YES;
				CLANG_WARN_BOOL_CONVERSION = YES;
				CLANG_WARN_COMMA = YES;
				CLANG_WARN_CONSTANT_CONVERSION = YES;
				CLANG_WARN_DEPRECATED_OBJC_IMPLEMENTATIONS = YES;
				CLANG_WARN_DIRECT_OBJC_ISA_USAGE = YES_ERROR;
				CLANG_WARN_DOCUMENTATION_COMMENTS = YES;
				CLANG_WARN_EMPTY_BODY = YES;
				CLANG_WARN_ENUM_CONVERSION = YES;
				CLANG_WARN_INFINITE_RECURSION = YES;
				CLANG_WARN_INT_CONVERSION = YES;
				CLANG_WARN_NON_LITERAL_NULL_CONVERSION = YES;
				CLANG_WARN_OBJC_IMPLICIT_RETAIN_SELF = YES;
				CLANG_WARN_OBJC_LITERAL_CONVERSION = YES;
				CLANG_WARN_OBJC_ROOT_CLASS = YES_ERROR;
				CLANG_WARN_QUOTED_INCLUDE_IN_FRAMEWORK_HEADER = YES;
				CLANG_WARN_RANGE_LOOP_ANALYSIS = YES;
				CLANG_WARN_STRICT_PROTOTYPES = YES;
				CLANG_WARN_SUSPICIOUS_MOVE = YES;
				CLANG_WARN_UNGUARDED_AVAILABILITY = YES_AGGRESSIVE;
				CLANG_WARN_UNREACHABLE_CODE = YES;
				CLANG_WARN__DUPLICATE_METHOD_MATCH = YES;
				COPY_PHASE_STRIP = NO;
				DEBUG_INFORMATION_FORMAT = "dwarf-with-dsym";
				ENABLE_NS_ASSERTIONS = NO;
				ENABLE_STRICT_OBJC_MSGSEND = YES;
				GCC_C_LANGUAGE_STANDARD = gnu11;
				GCC_NO_COMMON_BLOCKS = YES;
				GCC_WARN_64_TO_32_BIT_CONVERSION = YES;
				GCC_WARN_ABOUT_RETURN_TYPE = YES_ERROR;
				GCC_WARN_UNDECLARED_SELECTOR = YES;
				GCC_WARN_UNINITIALIZED_AUTOS = YES_AGGRESSIVE;
				GCC_WARN_UNUSED_FUNCTION = YES;
				GCC_WARN_UNUSED_VARIABLE = YES;
				IPHONEOS_DEPLOYMENT_TARGET = 14.3;
				MTL_ENABLE_DEBUG_INFO = NO;
				MTL_FAST_MATH = YES;
				SDKROOT = iphoneos;
				SWIFT_COMPILATION_MODE = wholemodule;
				SWIFT_OPTIMIZATION_LEVEL = "-O";
				VALIDATE_PRODUCT = YES;
			};
			name = Release;
		};
		906EDADC25E89B5800C5CFA4 /* Debug */ = {
			isa = XCBuildConfiguration;
			buildSettings = {
				ASSETCATALOG_COMPILER_APPICON_NAME = AppIcon;
				ASSETCATALOG_COMPILER_GLOBAL_ACCENT_COLOR_NAME = AccentColor;
				CODE_SIGN_STYLE = Automatic;
				DEVELOPMENT_TEAM = G32P4RW69D;
				INFOPLIST_FILE = IPickerView/Info.plist;
				IPHONEOS_DEPLOYMENT_TARGET = 13.0;
				LD_RUNPATH_SEARCH_PATHS = (
					"$(inherited)",
					"@executable_path/Frameworks",
				);
				PRODUCT_BUNDLE_IDENTIFIER = personalProject.IPickerView;
				PRODUCT_NAME = "$(TARGET_NAME)";
				SWIFT_VERSION = 5.0;
				TARGETED_DEVICE_FAMILY = "1,2";
			};
			name = Debug;
		};
		906EDADD25E89B5800C5CFA4 /* Release */ = {
			isa = XCBuildConfiguration;
			buildSettings = {
				ASSETCATALOG_COMPILER_APPICON_NAME = AppIcon;
				ASSETCATALOG_COMPILER_GLOBAL_ACCENT_COLOR_NAME = AccentColor;
				CODE_SIGN_STYLE = Automatic;
				DEVELOPMENT_TEAM = G32P4RW69D;
				INFOPLIST_FILE = IPickerView/Info.plist;
				IPHONEOS_DEPLOYMENT_TARGET = 13.0;
				LD_RUNPATH_SEARCH_PATHS = (
					"$(inherited)",
					"@executable_path/Frameworks",
				);
				PRODUCT_BUNDLE_IDENTIFIER = personalProject.IPickerView;
				PRODUCT_NAME = "$(TARGET_NAME)";
				SWIFT_VERSION = 5.0;
				TARGETED_DEVICE_FAMILY = "1,2";
			};
			name = Release;
		};
/* End XCBuildConfiguration section */

/* Begin XCConfigurationList section */
		906EDAC225E89B5500C5CFA4 /* Build configuration list for PBXProject "IPickerView" */ = {
			isa = XCConfigurationList;
			buildConfigurations = (
				906EDAD925E89B5800C5CFA4 /* Debug */,
				906EDADA25E89B5800C5CFA4 /* Release */,
			);
			defaultConfigurationIsVisible = 0;
			defaultConfigurationName = Release;
		};
		906EDADB25E89B5800C5CFA4 /* Build configuration list for PBXNativeTarget "IPickerView" */ = {
			isa = XCConfigurationList;
			buildConfigurations = (
				906EDADC25E89B5800C5CFA4 /* Debug */,
				906EDADD25E89B5800C5CFA4 /* Release */,
			);
			defaultConfigurationIsVisible = 0;
			defaultConfigurationName = Release;
		};
/* End XCConfigurationList section */
	};
	rootObject = 906EDABF25E89B5500C5CFA4 /* Project object */;
}
